// !$*UTF8*$!
{
	archiveVersion = 1;
	classes = {
	};
	objectVersion = 46;
	objects = {

/* Begin PBXBuildFile section */
		7C650F721C4A4B4500F80E6E /* main.m in Sources */ = {isa = PBXBuildFile; fileRef = 7C650F711C4A4B4500F80E6E /* main.m */; };
		7C650F751C4A4B4500F80E6E /* AppDelegate.m in Sources */ = {isa = PBXBuildFile; fileRef = 7C650F741C4A4B4500F80E6E /* AppDelegate.m */; };
		7C650F781C4A4B4500F80E6E /* ViewController.m in Sources */ = {isa = PBXBuildFile; fileRef = 7C650F771C4A4B4500F80E6E /* ViewController.m */; };
		7C650F7B1C4A4B4500F80E6E /* Main.storyboard in Resources */ = {isa = PBXBuildFile; fileRef = 7C650F791C4A4B4500F80E6E /* Main.storyboard */; };
		7C650F7D1C4A4B4500F80E6E /* Assets.xcassets in Resources */ = {isa = PBXBuildFile; fileRef = 7C650F7C1C4A4B4500F80E6E /* Assets.xcassets */; };
		7C650F801C4A4B4500F80E6E /* LaunchScreen.storyboard in Resources */ = {isa = PBXBuildFile; fileRef = 7C650F7E1C4A4B4500F80E6E /* LaunchScreen.storyboard */; };
		7C650F8B1C4A4B4500F80E6E /* TestApiLevelTests.m in Sources */ = {isa = PBXBuildFile; fileRef = 7C650F8A1C4A4B4500F80E6E /* TestApiLevelTests.m */; };
		7C650F961C4A4B4500F80E6E /* TestApiLevelUITests.m in Sources */ = {isa = PBXBuildFile; fileRef = 7C650F951C4A4B4500F80E6E /* TestApiLevelUITests.m */; };
		7CD9BF4B1C4C7B3400B1B747 /* CustomView.m in Sources */ = {isa = PBXBuildFile; fileRef = 7CD9BF4A1C4C7B3400B1B747 /* CustomView.m */; };
		7CD9BF4D1C4C814C00B1B747 /* UIKit.framework in Frameworks */ = {isa = PBXBuildFile; fileRef = 7CD9BF4C1C4C814C00B1B747 /* UIKit.framework */; };
		7CD9BF4F1C4C816600B1B747 /* PassKit.framework in Frameworks */ = {isa = PBXBuildFile; fileRef = 7CD9BF4E1C4C816600B1B747 /* PassKit.framework */; };
		7CD9BF511C4C817C00B1B747 /* MobileCoreServices.framework in Frameworks */ = {isa = PBXBuildFile; fileRef = 7CD9BF501C4C817C00B1B747 /* MobileCoreServices.framework */; };
		7CD9BF531C4C819300B1B747 /* CoreSpotlight.framework in Frameworks */ = {isa = PBXBuildFile; fileRef = 7CD9BF521C4C819300B1B747 /* CoreSpotlight.framework */; };
/* End PBXBuildFile section */

/* Begin PBXContainerItemProxy section */
		7C650F871C4A4B4500F80E6E /* PBXContainerItemProxy */ = {
			isa = PBXContainerItemProxy;
			containerPortal = 7C650F651C4A4B4500F80E6E /* Project object */;
			proxyType = 1;
			remoteGlobalIDString = 7C650F6C1C4A4B4500F80E6E;
			remoteInfo = TestApiLevel;
		};
		7C650F921C4A4B4500F80E6E /* PBXContainerItemProxy */ = {
			isa = PBXContainerItemProxy;
			containerPortal = 7C650F651C4A4B4500F80E6E /* Project object */;
			proxyType = 1;
			remoteGlobalIDString = 7C650F6C1C4A4B4500F80E6E;
			remoteInfo = TestApiLevel;
		};
/* End PBXContainerItemProxy section */

/* Begin PBXFileReference section */
		7C650F6D1C4A4B4500F80E6E /* TestApiLevel.app */ = {isa = PBXFileReference; explicitFileType = wrapper.application; includeInIndex = 0; path = TestApiLevel.app; sourceTree = BUILT_PRODUCTS_DIR; };
		7C650F711C4A4B4500F80E6E /* main.m */ = {isa = PBXFileReference; lastKnownFileType = sourcecode.c.objc; path = main.m; sourceTree = "<group>"; };
		7C650F731C4A4B4500F80E6E /* AppDelegate.h */ = {isa = PBXFileReference; lastKnownFileType = sourcecode.c.h; path = AppDelegate.h; sourceTree = "<group>"; };
		7C650F741C4A4B4500F80E6E /* AppDelegate.m */ = {isa = PBXFileReference; lastKnownFileType = sourcecode.c.objc; path = AppDelegate.m; sourceTree = "<group>"; };
		7C650F761C4A4B4500F80E6E /* ViewController.h */ = {isa = PBXFileReference; lastKnownFileType = sourcecode.c.h; path = ViewController.h; sourceTree = "<group>"; };
		7C650F771C4A4B4500F80E6E /* ViewController.m */ = {isa = PBXFileReference; lastKnownFileType = sourcecode.c.objc; path = ViewController.m; sourceTree = "<group>"; };
		7C650F7A1C4A4B4500F80E6E /* Base */ = {isa = PBXFileReference; lastKnownFileType = file.storyboard; name = Base; path = Base.lproj/Main.storyboard; sourceTree = "<group>"; };
		7C650F7C1C4A4B4500F80E6E /* Assets.xcassets */ = {isa = PBXFileReference; lastKnownFileType = folder.assetcatalog; path = Assets.xcassets; sourceTree = "<group>"; };
		7C650F7F1C4A4B4500F80E6E /* Base */ = {isa = PBXFileReference; lastKnownFileType = file.storyboard; name = Base; path = Base.lproj/LaunchScreen.storyboard; sourceTree = "<group>"; };
		7C650F811C4A4B4500F80E6E /* Info.plist */ = {isa = PBXFileReference; lastKnownFileType = text.plist.xml; path = Info.plist; sourceTree = "<group>"; };
		7C650F861C4A4B4500F80E6E /* TestApiLevelTests.xctest */ = {isa = PBXFileReference; explicitFileType = wrapper.cfbundle; includeInIndex = 0; path = TestApiLevelTests.xctest; sourceTree = BUILT_PRODUCTS_DIR; };
		7C650F8A1C4A4B4500F80E6E /* TestApiLevelTests.m */ = {isa = PBXFileReference; lastKnownFileType = sourcecode.c.objc; path = TestApiLevelTests.m; sourceTree = "<group>"; };
		7C650F8C1C4A4B4500F80E6E /* Info.plist */ = {isa = PBXFileReference; lastKnownFileType = text.plist.xml; path = Info.plist; sourceTree = "<group>"; };
		7C650F911C4A4B4500F80E6E /* TestApiLevelUITests.xctest */ = {isa = PBXFileReference; explicitFileType = wrapper.cfbundle; includeInIndex = 0; path = TestApiLevelUITests.xctest; sourceTree = BUILT_PRODUCTS_DIR; };
		7C650F951C4A4B4500F80E6E /* TestApiLevelUITests.m */ = {isa = PBXFileReference; lastKnownFileType = sourcecode.c.objc; path = TestApiLevelUITests.m; sourceTree = "<group>"; };
		7C650F971C4A4B4500F80E6E /* Info.plist */ = {isa = PBXFileReference; lastKnownFileType = text.plist.xml; path = Info.plist; sourceTree = "<group>"; };
		7C650FA41C4A4BE000F80E6E /* CTPayDebug.h */ = {isa = PBXFileReference; fileEncoding = 4; lastKnownFileType = sourcecode.c.h; path = CTPayDebug.h; sourceTree = "<group>"; };
		7C650FA51C4A512000F80E6E /* PrefixHeader.pch */ = {isa = PBXFileReference; fileEncoding = 4; lastKnownFileType = sourcecode.c.h; path = PrefixHeader.pch; sourceTree = "<group>"; };
		7CD9BF481C4B41B600B1B747 /* CTTest.h */ = {isa = PBXFileReference; lastKnownFileType = sourcecode.c.h; path = CTTest.h; sourceTree = "<group>"; };
		7CD9BF491C4C7B3400B1B747 /* CustomView.h */ = {isa = PBXFileReference; fileEncoding = 4; lastKnownFileType = sourcecode.c.h; path = CustomView.h; sourceTree = "<group>"; };
		7CD9BF4A1C4C7B3400B1B747 /* CustomView.m */ = {isa = PBXFileReference; fileEncoding = 4; lastKnownFileType = sourcecode.c.objc; path = CustomView.m; sourceTree = "<group>"; };
		7CD9BF4C1C4C814C00B1B747 /* UIKit.framework */ = {isa = PBXFileReference; lastKnownFileType = wrapper.framework; name = UIKit.framework; path = System/Library/Frameworks/UIKit.framework; sourceTree = SDKROOT; };
		7CD9BF4E1C4C816600B1B747 /* PassKit.framework */ = {isa = PBXFileReference; lastKnownFileType = wrapper.framework; name = PassKit.framework; path = System/Library/Frameworks/PassKit.framework; sourceTree = SDKROOT; };
		7CD9BF501C4C817C00B1B747 /* MobileCoreServices.framework */ = {isa = PBXFileReference; lastKnownFileType = wrapper.framework; name = MobileCoreServices.framework; path = System/Library/Frameworks/MobileCoreServices.framework; sourceTree = SDKROOT; };
		7CD9BF521C4C819300B1B747 /* CoreSpotlight.framework */ = {isa = PBXFileReference; lastKnownFileType = wrapper.framework; name = CoreSpotlight.framework; path = System/Library/Frameworks/CoreSpotlight.framework; sourceTree = SDKROOT; };
/* End PBXFileReference section */

/* Begin PBXFrameworksBuildPhase section */
		7C650F6A1C4A4B4500F80E6E /* Frameworks */ = {
			isa = PBXFrameworksBuildPhase;
			buildActionMask = 2147483647;
			files = (
				7CD9BF531C4C819300B1B747 /* CoreSpotlight.framework in Frameworks */,
				7CD9BF511C4C817C00B1B747 /* MobileCoreServices.framework in Frameworks */,
				7CD9BF4F1C4C816600B1B747 /* PassKit.framework in Frameworks */,
				7CD9BF4D1C4C814C00B1B747 /* UIKit.framework in Frameworks */,
			);
			runOnlyForDeploymentPostprocessing = 0;
		};
		7C650F831C4A4B4500F80E6E /* Frameworks */ = {
			isa = PBXFrameworksBuildPhase;
			buildActionMask = 2147483647;
			files = (
			);
			runOnlyForDeploymentPostprocessing = 0;
		};
		7C650F8E1C4A4B4500F80E6E /* Frameworks */ = {
			isa = PBXFrameworksBuildPhase;
			buildActionMask = 2147483647;
			files = (
			);
			runOnlyForDeploymentPostprocessing = 0;
		};
/* End PBXFrameworksBuildPhase section */

/* Begin PBXGroup section */
		7C650F641C4A4B4500F80E6E = {
			isa = PBXGroup;
			children = (
				7CD9BF521C4C819300B1B747 /* CoreSpotlight.framework */,
				7CD9BF501C4C817C00B1B747 /* MobileCoreServices.framework */,
				7CD9BF4E1C4C816600B1B747 /* PassKit.framework */,
				7CD9BF4C1C4C814C00B1B747 /* UIKit.framework */,
				7C650F6F1C4A4B4500F80E6E /* TestApiLevel */,
				7C650F891C4A4B4500F80E6E /* TestApiLevelTests */,
				7C650F941C4A4B4500F80E6E /* TestApiLevelUITests */,
				7C650F6E1C4A4B4500F80E6E /* Products */,
			);
			sourceTree = "<group>";
		};
		7C650F6E1C4A4B4500F80E6E /* Products */ = {
			isa = PBXGroup;
			children = (
				7C650F6D1C4A4B4500F80E6E /* TestApiLevel.app */,
				7C650F861C4A4B4500F80E6E /* TestApiLevelTests.xctest */,
				7C650F911C4A4B4500F80E6E /* TestApiLevelUITests.xctest */,
			);
			name = Products;
			sourceTree = "<group>";
		};
		7C650F6F1C4A4B4500F80E6E /* TestApiLevel */ = {
			isa = PBXGroup;
			children = (
				7C650F731C4A4B4500F80E6E /* AppDelegate.h */,
				7C650F741C4A4B4500F80E6E /* AppDelegate.m */,
				7C650F761C4A4B4500F80E6E /* ViewController.h */,
				7C650F771C4A4B4500F80E6E /* ViewController.m */,
				7CD9BF491C4C7B3400B1B747 /* CustomView.h */,
				7CD9BF4A1C4C7B3400B1B747 /* CustomView.m */,
				7C650FA41C4A4BE000F80E6E /* CTPayDebug.h */,
				7C650FA51C4A512000F80E6E /* PrefixHeader.pch */,
				7CD9BF481C4B41B600B1B747 /* CTTest.h */,
				7C650F791C4A4B4500F80E6E /* Main.storyboard */,
				7C650F7C1C4A4B4500F80E6E /* Assets.xcassets */,
				7C650F7E1C4A4B4500F80E6E /* LaunchScreen.storyboard */,
				7C650F811C4A4B4500F80E6E /* Info.plist */,
				7C650F701C4A4B4500F80E6E /* Supporting Files */,
			);
			path = TestApiLevel;
			sourceTree = "<group>";
		};
		7C650F701C4A4B4500F80E6E /* Supporting Files */ = {
			isa = PBXGroup;
			children = (
				7C650F711C4A4B4500F80E6E /* main.m */,
			);
			name = "Supporting Files";
			sourceTree = "<group>";
		};
		7C650F891C4A4B4500F80E6E /* TestApiLevelTests */ = {
			isa = PBXGroup;
			children = (
				7C650F8A1C4A4B4500F80E6E /* TestApiLevelTests.m */,
				7C650F8C1C4A4B4500F80E6E /* Info.plist */,
			);
			path = TestApiLevelTests;
			sourceTree = "<group>";
		};
		7C650F941C4A4B4500F80E6E /* TestApiLevelUITests */ = {
			isa = PBXGroup;
			children = (
				7C650F951C4A4B4500F80E6E /* TestApiLevelUITests.m */,
				7C650F971C4A4B4500F80E6E /* Info.plist */,
			);
			path = TestApiLevelUITests;
			sourceTree = "<group>";
		};
/* End PBXGroup section */

/* Begin PBXNativeTarget section */
		7C650F6C1C4A4B4500F80E6E /* TestApiLevel */ = {
			isa = PBXNativeTarget;
			buildConfigurationList = 7C650F9A1C4A4B4500F80E6E /* Build configuration list for PBXNativeTarget "TestApiLevel" */;
			buildPhases = (
				7C650F691C4A4B4500F80E6E /* Sources */,
				7C650F6A1C4A4B4500F80E6E /* Frameworks */,
				7C650F6B1C4A4B4500F80E6E /* Resources */,
			);
			buildRules = (
			);
			dependencies = (
			);
			name = TestApiLevel;
			productName = TestApiLevel;
			productReference = 7C650F6D1C4A4B4500F80E6E /* TestApiLevel.app */;
			productType = "com.apple.product-type.application";
		};
		7C650F851C4A4B4500F80E6E /* TestApiLevelTests */ = {
			isa = PBXNativeTarget;
			buildConfigurationList = 7C650F9D1C4A4B4500F80E6E /* Build configuration list for PBXNativeTarget "TestApiLevelTests" */;
			buildPhases = (
				7C650F821C4A4B4500F80E6E /* Sources */,
				7C650F831C4A4B4500F80E6E /* Frameworks */,
				7C650F841C4A4B4500F80E6E /* Resources */,
			);
			buildRules = (
			);
			dependencies = (
				7C650F881C4A4B4500F80E6E /* PBXTargetDependency */,
			);
			name = TestApiLevelTests;
			productName = TestApiLevelTests;
			productReference = 7C650F861C4A4B4500F80E6E /* TestApiLevelTests.xctest */;
			productType = "com.apple.product-type.bundle.unit-test";
		};
		7C650F901C4A4B4500F80E6E /* TestApiLevelUITests */ = {
			isa = PBXNativeTarget;
			buildConfigurationList = 7C650FA01C4A4B4500F80E6E /* Build configuration list for PBXNativeTarget "TestApiLevelUITests" */;
			buildPhases = (
				7C650F8D1C4A4B4500F80E6E /* Sources */,
				7C650F8E1C4A4B4500F80E6E /* Frameworks */,
				7C650F8F1C4A4B4500F80E6E /* Resources */,
			);
			buildRules = (
			);
			dependencies = (
				7C650F931C4A4B4500F80E6E /* PBXTargetDependency */,
			);
			name = TestApiLevelUITests;
			productName = TestApiLevelUITests;
			productReference = 7C650F911C4A4B4500F80E6E /* TestApiLevelUITests.xctest */;
			productType = "com.apple.product-type.bundle.ui-testing";
		};
/* End PBXNativeTarget section */

/* Begin PBXProject section */
		7C650F651C4A4B4500F80E6E /* Project object */ = {
			isa = PBXProject;
			attributes = {
				LastUpgradeCheck = 0720;
				ORGANIZATIONNAME = zmjios;
				TargetAttributes = {
					7C650F6C1C4A4B4500F80E6E = {
						CreatedOnToolsVersion = 7.2;
					};
					7C650F851C4A4B4500F80E6E = {
						CreatedOnToolsVersion = 7.2;
						TestTargetID = 7C650F6C1C4A4B4500F80E6E;
					};
					7C650F901C4A4B4500F80E6E = {
						CreatedOnToolsVersion = 7.2;
						TestTargetID = 7C650F6C1C4A4B4500F80E6E;
					};
				};
			};
			buildConfigurationList = 7C650F681C4A4B4500F80E6E /* Build configuration list for PBXProject "TestApiLevel" */;
			compatibilityVersion = "Xcode 3.2";
			developmentRegion = English;
			hasScannedForEncodings = 0;
			knownRegions = (
				en,
				Base,
			);
			mainGroup = 7C650F641C4A4B4500F80E6E;
			productRefGroup = 7C650F6E1C4A4B4500F80E6E /* Products */;
			projectDirPath = "";
			projectRoot = "";
			targets = (
				7C650F6C1C4A4B4500F80E6E /* TestApiLevel */,
				7C650F851C4A4B4500F80E6E /* TestApiLevelTests */,
				7C650F901C4A4B4500F80E6E /* TestApiLevelUITests */,
			);
		};
/* End PBXProject section */

/* Begin PBXResourcesBuildPhase section */
		7C650F6B1C4A4B4500F80E6E /* Resources */ = {
			isa = PBXResourcesBuildPhase;
			buildActionMask = 2147483647;
			files = (
				7C650F801C4A4B4500F80E6E /* LaunchScreen.storyboard in Resources */,
				7C650F7D1C4A4B4500F80E6E /* Assets.xcassets in Resources */,
				7C650F7B1C4A4B4500F80E6E /* Main.storyboard in Resources */,
			);
			runOnlyForDeploymentPostprocessing = 0;
		};
		7C650F841C4A4B4500F80E6E /* Resources */ = {
			isa = PBXResourcesBuildPhase;
			buildActionMask = 2147483647;
			files = (
			);
			runOnlyForDeploymentPostprocessing = 0;
		};
		7C650F8F1C4A4B4500F80E6E /* Resources */ = {
			isa = PBXResourcesBuildPhase;
			buildActionMask = 2147483647;
			files = (
			);
			runOnlyForDeploymentPostprocessing = 0;
		};
/* End PBXResourcesBuildPhase section */

/* Begin PBXSourcesBuildPhase section */
		7C650F691C4A4B4500F80E6E /* Sources */ = {
			isa = PBXSourcesBuildPhase;
			buildActionMask = 2147483647;
			files = (
				7C650F781C4A4B4500F80E6E /* ViewController.m in Sources */,
				7CD9BF4B1C4C7B3400B1B747 /* CustomView.m in Sources */,
				7C650F751C4A4B4500F80E6E /* AppDelegate.m in Sources */,
				7C650F721C4A4B4500F80E6E /* main.m in Sources */,
			);
			runOnlyForDeploymentPostprocessing = 0;
		};
		7C650F821C4A4B4500F80E6E /* Sources */ = {
			isa = PBXSourcesBuildPhase;
			buildActionMask = 2147483647;
			files = (
				7C650F8B1C4A4B4500F80E6E /* TestApiLevelTests.m in Sources */,
			);
			runOnlyForDeploymentPostprocessing = 0;
		};
		7C650F8D1C4A4B4500F80E6E /* Sources */ = {
			isa = PBXSourcesBuildPhase;
			buildActionMask = 2147483647;
			files = (
				7C650F961C4A4B4500F80E6E /* TestApiLevelUITests.m in Sources */,
			);
			runOnlyForDeploymentPostprocessing = 0;
		};
/* End PBXSourcesBuildPhase section */

/* Begin PBXTargetDependency section */
		7C650F881C4A4B4500F80E6E /* PBXTargetDependency */ = {
			isa = PBXTargetDependency;
			target = 7C650F6C1C4A4B4500F80E6E /* TestApiLevel */;
			targetProxy = 7C650F871C4A4B4500F80E6E /* PBXContainerItemProxy */;
		};
		7C650F931C4A4B4500F80E6E /* PBXTargetDependency */ = {
			isa = PBXTargetDependency;
			target = 7C650F6C1C4A4B4500F80E6E /* TestApiLevel */;
			targetProxy = 7C650F921C4A4B4500F80E6E /* PBXContainerItemProxy */;
		};
/* End PBXTargetDependency section */

/* Begin PBXVariantGroup section */
		7C650F791C4A4B4500F80E6E /* Main.storyboard */ = {
			isa = PBXVariantGroup;
			children = (
				7C650F7A1C4A4B4500F80E6E /* Base */,
			);
			name = Main.storyboard;
			sourceTree = "<group>";
		};
		7C650F7E1C4A4B4500F80E6E /* LaunchScreen.storyboard */ = {
			isa = PBXVariantGroup;
			children = (
				7C650F7F1C4A4B4500F80E6E /* Base */,
			);
			name = LaunchScreen.storyboard;
			sourceTree = "<group>";
		};
/* End PBXVariantGroup section */

/* Begin XCBuildConfiguration section */
		7C650F981C4A4B4500F80E6E /* Debug */ = {
			isa = XCBuildConfiguration;
			buildSettings = {
				ALWAYS_SEARCH_USER_PATHS = NO;
				CLANG_CXX_LANGUAGE_STANDARD = "gnu++0x";
				CLANG_CXX_LIBRARY = "libc++";
				CLANG_ENABLE_MODULES = YES;
				CLANG_ENABLE_OBJC_ARC = YES;
				CLANG_WARN_BOOL_CONVERSION = YES;
				CLANG_WARN_CONSTANT_CONVERSION = YES;
				CLANG_WARN_DIRECT_OBJC_ISA_USAGE = YES_ERROR;
				CLANG_WARN_EMPTY_BODY = YES;
				CLANG_WARN_ENUM_CONVERSION = YES;
				CLANG_WARN_INT_CONVERSION = YES;
				CLANG_WARN_OBJC_ROOT_CLASS = YES_ERROR;
				CLANG_WARN_UNREACHABLE_CODE = YES;
				CLANG_WARN__DUPLICATE_METHOD_MATCH = YES;
				"CODE_SIGN_IDENTITY[sdk=iphoneos*]" = "iPhone Developer";
				COPY_PHASE_STRIP = NO;
				DEBUG_INFORMATION_FORMAT = dwarf;
				ENABLE_STRICT_OBJC_MSGSEND = YES;
				ENABLE_TESTABILITY = YES;
				GCC_C_LANGUAGE_STANDARD = gnu99;
				GCC_DYNAMIC_NO_PIC = NO;
				GCC_NO_COMMON_BLOCKS = YES;
				GCC_OPTIMIZATION_LEVEL = 0;
				GCC_PRECOMPILE_PREFIX_HEADER = YES;
				GCC_PREFIX_HEADER = " (SRCROOT)/TestApiLevel/PrefixHeader.pch";
				GCC_PREPROCESSOR_DEFINITIONS = (
					"DEBUG=1",
					"$(inherited)",
				);
				GCC_WARN_64_TO_32_BIT_CONVERSION = YES;
				GCC_WARN_ABOUT_RETURN_TYPE = YES_ERROR;
				GCC_WARN_UNDECLARED_SELECTOR = YES;
				GCC_WARN_UNINITIALIZED_AUTOS = YES_AGGRESSIVE;
				GCC_WARN_UNUSED_FUNCTION = YES;
				GCC_WARN_UNUSED_VARIABLE = YES;
				IPHONEOS_DEPLOYMENT_TARGET = 7.0;
				MTL_ENABLE_DEBUG_INFO = YES;
				ONLY_ACTIVE_ARCH = YES;
				SDKROOT = iphoneos;
				TARGETED_DEVICE_FAMILY = "1,2";
			};
			name = Debug;
		};
		7C650F991C4A4B4500F80E6E /* Release */ = {
			isa = XCBuildConfiguration;
			buildSettings = {
				ALWAYS_SEARCH_USER_PATHS = NO;
				CLANG_CXX_LANGUAGE_STANDARD = "gnu++0x";
				CLANG_CXX_LIBRARY = "libc++";
				CLANG_ENABLE_MODULES = YES;
				CLANG_ENABLE_OBJC_ARC = YES;
				CLANG_WARN_BOOL_CONVERSION = YES;
				CLANG_WARN_CONSTANT_CONVERSION = YES;
				CLANG_WARN_DIRECT_OBJC_ISA_USAGE = YES_ERROR;
				CLANG_WARN_EMPTY_BODY = YES;
				CLANG_WARN_ENUM_CONVERSION = YES;
				CLANG_WARN_INT_CONVERSION = YES;
				CLANG_WARN_OBJC_ROOT_CLASS = YES_ERROR;
				CLANG_WARN_UNREACHABLE_CODE = YES;
				CLANG_WARN__DUPLICATE_METHOD_MATCH = YES;
				"CODE_SIGN_IDENTITY[sdk=iphoneos*]" = "iPhone Developer";
				COPY_PHASE_STRIP = NO;
				DEBUG_INFORMATION_FORMAT = "dwarf-with-dsym";
				ENABLE_NS_ASSERTIONS = NO;
				ENABLE_STRICT_OBJC_MSGSEND = YES;
				GCC_C_LANGUAGE_STANDARD = gnu99;
				GCC_NO_COMMON_BLOCKS = YES;
				GCC_PRECOMPILE_PREFIX_HEADER = YES;
				GCC_PREFIX_HEADER = " (SRCROOT)/TestApiLevel/PrefixHeader.pch";
				GCC_WARN_64_TO_32_BIT_CONVERSION = YES;
				GCC_WARN_ABOUT_RETURN_TYPE = YES_ERROR;
				GCC_WARN_UNDECLARED_SELECTOR = YES;
				GCC_WARN_UNINITIALIZED_AUTOS = YES_AGGRESSIVE;
				GCC_WARN_UNUSED_FUNCTION = YES;
				GCC_WARN_UNUSED_VARIABLE = YES;
				IPHONEOS_DEPLOYMENT_TARGET = 7.0;
				MTL_ENABLE_DEBUG_INFO = NO;
				SDKROOT = iphoneos;
				TARGETED_DEVICE_FAMILY = "1,2";
				VALIDATE_PRODUCT = YES;
			};
			name = Release;
		};
		7C650F9B1C4A4B4500F80E6E /* Debug */ = {
			isa = XCBuildConfiguration;
			buildSettings = {
				ASSETCATALOG_COMPILER_APPICON_NAME = AppIcon;
				CLANG_ENABLE_MODULES = NO;
				CLANG_MODULES_AUTOLINK = NO;
				GCC_INCREASE_PRECOMPILED_HEADER_SHARING = NO;
				GCC_PRECOMPILE_PREFIX_HEADER = YES;
				GCC_PREFIX_HEADER = TestApiLevel/PrefixHeader.pch;
				INFOPLIST_FILE = TestApiLevel/Info.plist;
				IPHONEOS_DEPLOYMENT_TARGET = 7.0;
				LD_RUNPATH_SEARCH_PATHS = "$(inherited) @executable_path/Frameworks";
				PRODUCT_BUNDLE_IDENTIFIER = com.zmj.TestApiLevel;
				PRODUCT_NAME = "$(TARGET_NAME)";
			};
			name = Debug;
		};
		7C650F9C1C4A4B4500F80E6E /* Release */ = {
			isa = XCBuildConfiguration;
			buildSettings = {
				ASSETCATALOG_COMPILER_APPICON_NAME = AppIcon;
				CLANG_ENABLE_MODULES = YES;
				CLANG_MODULES_AUTOLINK = YES;
				GCC_INCREASE_PRECOMPILED_HEADER_SHARING = NO;
				GCC_PRECOMPILE_PREFIX_HEADER = YES;
				GCC_PREFIX_HEADER = TestApiLevel/PrefixHeader.pch;
				INFOPLIST_FILE = TestApiLevel/Info.plist;
				IPHONEOS_DEPLOYMENT_TARGET = 7.0;
				LD_RUNPATH_SEARCH_PATHS = "$(inherited) @executable_path/Frameworks";
				PRODUCT_BUNDLE_IDENTIFIER = com.zmj.TestApiLevel;
				PRODUCT_NAME = "$(TARGET_NAME)";
			};
			name = Release;
		};
		7C650F9E1C4A4B4500F80E6E /* Debug */ = {
			isa = XCBuildConfiguration;
			buildSettings = {
				BUNDLE_LOADER = "$(TEST_HOST)";
				INFOPLIST_FILE = TestApiLevelTests/Info.plist;
				LD_RUNPATH_SEARCH_PATHS = "$(inherited) @executable_path/Frameworks @loader_path/Frameworks";
				PRODUCT_BUNDLE_IDENTIFIER = com.zmj.TestApiLevelTests;
				PRODUCT_NAME = "$(TARGET_NAME)";
				TEST_HOST = "$(BUILT_PRODUCTS_DIR)/TestApiLevel.app/TestApiLevel";
			};
			name = Debug;
		};
		7C650F9F1C4A4B4500F80E6E /* Release */ = {
			isa = XCBuildConfiguration;
			buildSettings = {
				BUNDLE_LOADER = "$(TEST_HOST)";
				INFOPLIST_FILE = TestApiLevelTests/Info.plist;
				LD_RUNPATH_SEARCH_PATHS = "$(inherited) @executable_path/Frameworks @loader_path/Frameworks";
				PRODUCT_BUNDLE_IDENTIFIER = com.zmj.TestApiLevelTests;
				PRODUCT_NAME = "$(TARGET_NAME)";
				TEST_HOST = "$(BUILT_PRODUCTS_DIR)/TestApiLevel.app/TestApiLevel";
			};
			name = Release;
		};
		7C650FA11C4A4B4500F80E6E /* Debug */ = {
			isa = XCBuildConfiguration;
			buildSettings = {
				INFOPLIST_FILE = TestApiLevelUITests/Info.plist;
				LD_RUNPATH_SEARCH_PATHS = "$(inherited) @executable_path/Frameworks @loader_path/Frameworks";
				PRODUCT_BUNDLE_IDENTIFIER = com.zmj.TestApiLevelUITests;
				PRODUCT_NAME = "$(TARGET_NAME)";
				TEST_TARGET_NAME = TestApiLevel;
				USES_XCTRUNNER = YES;
			};
			name = Debug;
		};
		7C650FA21C4A4B4500F80E6E /* Release */ = {
			isa = XCBuildConfiguration;
			buildSettings = {
				INFOPLIST_FILE = TestApiLevelUITests/Info.plist;
				LD_RUNPATH_SEARCH_PATHS = "$(inherited) @executable_path/Frameworks @loader_path/Frameworks";
				PRODUCT_BUNDLE_IDENTIFIER = com.zmj.TestApiLevelUITests;
				PRODUCT_NAME = "$(TARGET_NAME)";
				TEST_TARGET_NAME = TestApiLevel;
				USES_XCTRUNNER = YES;
			};
			name = Release;
		};
/* End XCBuildConfiguration section */

/* Begin XCConfigurationList section */
		7C650F681C4A4B4500F80E6E /* Build configuration list for PBXProject "TestApiLevel" */ = {
			isa = XCConfigurationList;
			buildConfigurations = (
				7C650F981C4A4B4500F80E6E /* Debug */,
				7C650F991C4A4B4500F80E6E /* Release */,
			);
			defaultConfigurationIsVisible = 0;
			defaultConfigurationName = Release;
		};
		7C650F9A1C4A4B4500F80E6E /* Build configuration list for PBXNativeTarget "TestApiLevel" */ = {
			isa = XCConfigurationList;
			buildConfigurations = (
				7C650F9B1C4A4B4500F80E6E /* Debug */,
				7C650F9C1C4A4B4500F80E6E /* Release */,
			);
			defaultConfigurationIsVisible = 0;
			defaultConfigurationName = Release;
		};
		7C650F9D1C4A4B4500F80E6E /* Build configuration list for PBXNativeTarget "TestApiLevelTests" */ = {
			isa = XCConfigurationList;
			buildConfigurations = (
				7C650F9E1C4A4B4500F80E6E /* Debug */,
				7C650F9F1C4A4B4500F80E6E /* Release */,
			);
			defaultConfigurationIsVisible = 0;
			defaultConfigurationName = Release;
		};
		7C650FA01C4A4B4500F80E6E /* Build configuration list for PBXNativeTarget "TestApiLevelUITests" */ = {
			isa = XCConfigurationList;
			buildConfigurations = (
				7C650FA11C4A4B4500F80E6E /* Debug */,
				7C650FA21C4A4B4500F80E6E /* Release */,
			);
			defaultConfigurationIsVisible = 0;
			defaultConfigurationName = Release;
		};
/* End XCConfigurationList section */
	};
	rootObject = 7C650F651C4A4B4500F80E6E /* Project object */;
}
